
Microsoft Visual Studio Solution File, Format Version 12.00
# Visual Studio 15
VisualStudioVersion = 15.0.27428.2011
MinimumVisualStudioVersion = 10.0.40219.1
Project("{FAE04EC0-301F-11D3-BF4B-00C04F79EFBC}") = "Sales.Android", "Sales\Sales.Android\Sales.Android.csproj", "{FF16785D-8178-4376-BE2A-D24DDF4EAA4E}"
EndProject
Project("{FAE04EC0-301F-11D3-BF4B-00C04F79EFBC}") = "Sales.iOS", "Sales\Sales.iOS\Sales.iOS.csproj", "{AB1DF15C-CECA-49A2-9D21-4491092E568C}"
EndProject
Project("{FAE04EC0-301F-11D3-BF4B-00C04F79EFBC}") = "Sales.UWP", "Sales\Sales.UWP\Sales.UWP.csproj", "{6A936ECB-16BA-4AE2-9901-BD690140AB2E}"
EndProject
Project("{FAE04EC0-301F-11D3-BF4B-00C04F79EFBC}") = "Sales", "Sales\Sales\Sales.csproj", "{820F4140-958B-4D48-8F68-1BB000528CB9}"
EndProject
Project("{FAE04EC0-301F-11D3-BF4B-00C04F79EFBC}") = "Sales.BackEnd", "Sales.BackEnd\Sales.BackEnd.csproj", "{6F187A7D-8944-46BC-B153-5C87AFE43B68}"
EndProject
Project("{FAE04EC0-301F-11D3-BF4B-00C04F79EFBC}") = "Sales.API", "Sales.API\Sales.API.csproj", "{D86064FD-36C9-4357-8698-A7C54369CFCE}"
EndProject
Project("{FAE04EC0-301F-11D3-BF4B-00C04F79EFBC}") = "Sales.Domain", "Sales.Domain\Sales.Domain.csproj", "{E9528F39-405C-4906-91C3-3E8BAFFCAA3A}"
EndProject
Project("{FAE04EC0-301F-11D3-BF4B-00C04F79EFBC}") = "Sales.Common", "Sales.Common\Sales.Common.csproj", "{BE80377E-FB50-4096-8D14-3CECC751DC4F}"
EndProject
Project("{FAE04EC0-301F-11D3-BF4B-00C04F79EFBC}") = "Sales.APICore", "Sales.APICore\Sales.APICore.csproj", "{81DFC945-E963-4CD7-94FF-328C0BD9BBA7}"
EndProject
Global
	GlobalSection(SolutionConfigurationPlatforms) = preSolution
		Ad-Hoc|Any CPU = Ad-Hoc|Any CPU
		Ad-Hoc|ARM = Ad-Hoc|ARM
		Ad-Hoc|iPhone = Ad-Hoc|iPhone
		Ad-Hoc|iPhoneSimulator = Ad-Hoc|iPhoneSimulator
		Ad-Hoc|x64 = Ad-Hoc|x64
		Ad-Hoc|x86 = Ad-Hoc|x86
		AppStore|Any CPU = AppStore|Any CPU
		AppStore|ARM = AppStore|ARM
		AppStore|iPhone = AppStore|iPhone
		AppStore|iPhoneSimulator = AppStore|iPhoneSimulator
		AppStore|x64 = AppStore|x64
		AppStore|x86 = AppStore|x86
		Debug|Any CPU = Debug|Any CPU
		Debug|ARM = Debug|ARM
		Debug|iPhone = Debug|iPhone
		Debug|iPhoneSimulator = Debug|iPhoneSimulator
		Debug|x64 = Debug|x64
		Debug|x86 = Debug|x86
		Release|Any CPU = Release|Any CPU
		Release|ARM = Release|ARM
		Release|iPhone = Release|iPhone
		Release|iPhoneSimulator = Release|iPhoneSimulator
		Release|x64 = Release|x64
		Release|x86 = Release|x86
	EndGlobalSection
	GlobalSection(ProjectConfigurationPlatforms) = postSolution
		{FF16785D-8178-4376-BE2A-D24DDF4EAA4E}.Ad-Hoc|Any CPU.ActiveCfg = Release|Any CPU
		{FF16785D-8178-4376-BE2A-D24DDF4EAA4E}.Ad-Hoc|Any CPU.Build.0 = Release|Any CPU
		{FF16785D-8178-4376-BE2A-D24DDF4EAA4E}.Ad-Hoc|Any CPU.Deploy.0 = Release|Any CPU
		{FF16785D-8178-4376-BE2A-D24DDF4EAA4E}.Ad-Hoc|ARM.ActiveCfg = Release|Any CPU
		{FF16785D-8178-4376-BE2A-D24DDF4EAA4E}.Ad-Hoc|ARM.Build.0 = Release|Any CPU
		{FF16785D-8178-4376-BE2A-D24DDF4EAA4E}.Ad-Hoc|ARM.Deploy.0 = Release|Any CPU
		{FF16785D-8178-4376-BE2A-D24DDF4EAA4E}.Ad-Hoc|iPhone.ActiveCfg = Release|Any CPU
		{FF16785D-8178-4376-BE2A-D24DDF4EAA4E}.Ad-Hoc|iPhone.Build.0 = Release|Any CPU
		{FF16785D-8178-4376-BE2A-D24DDF4EAA4E}.Ad-Hoc|iPhone.Deploy.0 = Release|Any CPU
		{FF16785D-8178-4376-BE2A-D24DDF4EAA4E}.Ad-Hoc|iPhoneSimulator.ActiveCfg = Release|Any CPU
		{FF16785D-8178-4376-BE2A-D24DDF4EAA4E}.Ad-Hoc|iPhoneSimulator.Build.0 = Release|Any CPU
		{FF16785D-8178-4376-BE2A-D24DDF4EAA4E}.Ad-Hoc|iPhoneSimulator.Deploy.0 = Release|Any CPU
		{FF16785D-8178-4376-BE2A-D24DDF4EAA4E}.Ad-Hoc|x64.ActiveCfg = Release|Any CPU
		{FF16785D-8178-4376-BE2A-D24DDF4EAA4E}.Ad-Hoc|x64.Build.0 = Release|Any CPU
		{FF16785D-8178-4376-BE2A-D24DDF4EAA4E}.Ad-Hoc|x64.Deploy.0 = Release|Any CPU
		{FF16785D-8178-4376-BE2A-D24DDF4EAA4E}.Ad-Hoc|x86.ActiveCfg = Release|Any CPU
		{FF16785D-8178-4376-BE2A-D24DDF4EAA4E}.Ad-Hoc|x86.Build.0 = Release|Any CPU
		{FF16785D-8178-4376-BE2A-D24DDF4EAA4E}.Ad-Hoc|x86.Deploy.0 = Release|Any CPU
		{FF16785D-8178-4376-BE2A-D24DDF4EAA4E}.AppStore|Any CPU.ActiveCfg = Release|Any CPU
		{FF16785D-8178-4376-BE2A-D24DDF4EAA4E}.AppStore|Any CPU.Build.0 = Release|Any CPU
		{FF16785D-8178-4376-BE2A-D24DDF4EAA4E}.AppStore|Any CPU.Deploy.0 = Release|Any CPU
		{FF16785D-8178-4376-BE2A-D24DDF4EAA4E}.AppStore|ARM.ActiveCfg = Release|Any CPU
		{FF16785D-8178-4376-BE2A-D24DDF4EAA4E}.AppStore|ARM.Build.0 = Release|Any CPU
		{FF16785D-8178-4376-BE2A-D24DDF4EAA4E}.AppStore|ARM.Deploy.0 = Release|Any CPU
		{FF16785D-8178-4376-BE2A-D24DDF4EAA4E}.AppStore|iPhone.ActiveCfg = Release|Any CPU
		{FF16785D-8178-4376-BE2A-D24DDF4EAA4E}.AppStore|iPhone.Build.0 = Release|Any CPU
		{FF16785D-8178-4376-BE2A-D24DDF4EAA4E}.AppStore|iPhone.Deploy.0 = Release|Any CPU
		{FF16785D-8178-4376-BE2A-D24DDF4EAA4E}.AppStore|iPhoneSimulator.ActiveCfg = Release|Any CPU
		{FF16785D-8178-4376-BE2A-D24DDF4EAA4E}.AppStore|iPhoneSimulator.Build.0 = Release|Any CPU
		{FF16785D-8178-4376-BE2A-D24DDF4EAA4E}.AppStore|iPhoneSimulator.Deploy.0 = Release|Any CPU
		{FF16785D-8178-4376-BE2A-D24DDF4EAA4E}.AppStore|x64.ActiveCfg = Release|Any CPU
		{FF16785D-8178-4376-BE2A-D24DDF4EAA4E}.AppStore|x64.Build.0 = Release|Any CPU
		{FF16785D-8178-4376-BE2A-D24DDF4EAA4E}.AppStore|x64.Deploy.0 = Release|Any CPU
		{FF16785D-8178-4376-BE2A-D24DDF4EAA4E}.AppStore|x86.ActiveCfg = Release|Any CPU
		{FF16785D-8178-4376-BE2A-D24DDF4EAA4E}.AppStore|x86.Build.0 = Release|Any CPU
		{FF16785D-8178-4376-BE2A-D24DDF4EAA4E}.AppStore|x86.Deploy.0 = Release|Any CPU
		{FF16785D-8178-4376-BE2A-D24DDF4EAA4E}.Debug|Any CPU.ActiveCfg = Debug|Any CPU
		{FF16785D-8178-4376-BE2A-D24DDF4EAA4E}.Debug|Any CPU.Build.0 = Debug|Any CPU
		{FF16785D-8178-4376-BE2A-D24DDF4EAA4E}.Debug|Any CPU.Deploy.0 = Debug|Any CPU
		{FF16785D-8178-4376-BE2A-D24DDF4EAA4E}.Debug|ARM.ActiveCfg = Debug|Any CPU
		{FF16785D-8178-4376-BE2A-D24DDF4EAA4E}.Debug|ARM.Build.0 = Debug|Any CPU
		{FF16785D-8178-4376-BE2A-D24DDF4EAA4E}.Debug|ARM.Deploy.0 = Debug|Any CPU
		{FF16785D-8178-4376-BE2A-D24DDF4EAA4E}.Debug|iPhone.ActiveCfg = Debug|Any CPU
		{FF16785D-8178-4376-BE2A-D24DDF4EAA4E}.Debug|iPhone.Build.0 = Debug|Any CPU
		{FF16785D-8178-4376-BE2A-D24DDF4EAA4E}.Debug|iPhone.Deploy.0 = Debug|Any CPU
		{FF16785D-8178-4376-BE2A-D24DDF4EAA4E}.Debug|iPhoneSimulator.ActiveCfg = Debug|Any CPU
		{FF16785D-8178-4376-BE2A-D24DDF4EAA4E}.Debug|iPhoneSimulator.Build.0 = Debug|Any CPU
		{FF16785D-8178-4376-BE2A-D24DDF4EAA4E}.Debug|iPhoneSimulator.Deploy.0 = Debug|Any CPU
		{FF16785D-8178-4376-BE2A-D24DDF4EAA4E}.Debug|x64.ActiveCfg = Debug|Any CPU
		{FF16785D-8178-4376-BE2A-D24DDF4EAA4E}.Debug|x64.Build.0 = Debug|Any CPU
		{FF16785D-8178-4376-BE2A-D24DDF4EAA4E}.Debug|x64.Deploy.0 = Debug|Any CPU
		{FF16785D-8178-4376-BE2A-D24DDF4EAA4E}.Debug|x86.ActiveCfg = Debug|Any CPU
		{FF16785D-8178-4376-BE2A-D24DDF4EAA4E}.Debug|x86.Build.0 = Debug|Any CPU
		{FF16785D-8178-4376-BE2A-D24DDF4EAA4E}.Debug|x86.Deploy.0 = Debug|Any CPU
		{FF16785D-8178-4376-BE2A-D24DDF4EAA4E}.Release|Any CPU.ActiveCfg = Release|Any CPU
		{FF16785D-8178-4376-BE2A-D24DDF4EAA4E}.Release|Any CPU.Build.0 = Release|Any CPU
		{FF16785D-8178-4376-BE2A-D24DDF4EAA4E}.Release|Any CPU.Deploy.0 = Release|Any CPU
		{FF16785D-8178-4376-BE2A-D24DDF4EAA4E}.Release|ARM.ActiveCfg = Release|Any CPU
		{FF16785D-8178-4376-BE2A-D24DDF4EAA4E}.Release|ARM.Build.0 = Release|Any CPU
		{FF16785D-8178-4376-BE2A-D24DDF4EAA4E}.Release|ARM.Deploy.0 = Release|Any CPU
		{FF16785D-8178-4376-BE2A-D24DDF4EAA4E}.Release|iPhone.ActiveCfg = Release|Any CPU
		{FF16785D-8178-4376-BE2A-D24DDF4EAA4E}.Release|iPhone.Build.0 = Release|Any CPU
		{FF16785D-8178-4376-BE2A-D24DDF4EAA4E}.Release|iPhone.Deploy.0 = Release|Any CPU
		{FF16785D-8178-4376-BE2A-D24DDF4EAA4E}.Release|iPhoneSimulator.ActiveCfg = Release|Any CPU
		{FF16785D-8178-4376-BE2A-D24DDF4EAA4E}.Release|iPhoneSimulator.Build.0 = Release|Any CPU
		{FF16785D-8178-4376-BE2A-D24DDF4EAA4E}.Release|iPhoneSimulator.Deploy.0 = Release|Any CPU
		{FF16785D-8178-4376-BE2A-D24DDF4EAA4E}.Release|x64.ActiveCfg = Release|Any CPU
		{FF16785D-8178-4376-BE2A-D24DDF4EAA4E}.Release|x64.Build.0 = Release|Any CPU
		{FF16785D-8178-4376-BE2A-D24DDF4EAA4E}.Release|x64.Deploy.0 = Release|Any CPU
		{FF16785D-8178-4376-BE2A-D24DDF4EAA4E}.Release|x86.ActiveCfg = Release|Any CPU
		{FF16785D-8178-4376-BE2A-D24DDF4EAA4E}.Release|x86.Build.0 = Release|Any CPU
		{FF16785D-8178-4376-BE2A-D24DDF4EAA4E}.Release|x86.Deploy.0 = Release|Any CPU
		{AB1DF15C-CECA-49A2-9D21-4491092E568C}.Ad-Hoc|Any CPU.ActiveCfg = Ad-Hoc|iPhone
		{AB1DF15C-CECA-49A2-9D21-4491092E568C}.Ad-Hoc|ARM.ActiveCfg = Ad-Hoc|iPhone
		{AB1DF15C-CECA-49A2-9D21-4491092E568C}.Ad-Hoc|iPhone.ActiveCfg = Ad-Hoc|iPhone
		{AB1DF15C-CECA-49A2-9D21-4491092E568C}.Ad-Hoc|iPhone.Build.0 = Ad-Hoc|iPhone
		{AB1DF15C-CECA-49A2-9D21-4491092E568C}.Ad-Hoc|iPhoneSimulator.ActiveCfg = Ad-Hoc|iPhoneSimulator
		{AB1DF15C-CECA-49A2-9D21-4491092E568C}.Ad-Hoc|iPhoneSimulator.Build.0 = Ad-Hoc|iPhoneSimulator
		{AB1DF15C-CECA-49A2-9D21-4491092E568C}.Ad-Hoc|x64.ActiveCfg = Ad-Hoc|iPhone
		{AB1DF15C-CECA-49A2-9D21-4491092E568C}.Ad-Hoc|x86.ActiveCfg = Ad-Hoc|iPhone
		{AB1DF15C-CECA-49A2-9D21-4491092E568C}.AppStore|Any CPU.ActiveCfg = AppStore|iPhone
		{AB1DF15C-CECA-49A2-9D21-4491092E568C}.AppStore|ARM.ActiveCfg = AppStore|iPhone
		{AB1DF15C-CECA-49A2-9D21-4491092E568C}.AppStore|iPhone.ActiveCfg = AppStore|iPhone
		{AB1DF15C-CECA-49A2-9D21-4491092E568C}.AppStore|iPhone.Build.0 = AppStore|iPhone
		{AB1DF15C-CECA-49A2-9D21-4491092E568C}.AppStore|iPhoneSimulator.ActiveCfg = AppStore|iPhoneSimulator
		{AB1DF15C-CECA-49A2-9D21-4491092E568C}.AppStore|iPhoneSimulator.Build.0 = AppStore|iPhoneSimulator
		{AB1DF15C-CECA-49A2-9D21-4491092E568C}.AppStore|x64.ActiveCfg = AppStore|iPhone
		{AB1DF15C-CECA-49A2-9D21-4491092E568C}.AppStore|x86.ActiveCfg = AppStore|iPhone
		{AB1DF15C-CECA-49A2-9D21-4491092E568C}.Debug|Any CPU.ActiveCfg = Debug|iPhone
		{AB1DF15C-CECA-49A2-9D21-4491092E568C}.Debug|ARM.ActiveCfg = Debug|iPhone
		{AB1DF15C-CECA-49A2-9D21-4491092E568C}.Debug|iPhone.ActiveCfg = Debug|iPhone
		{AB1DF15C-CECA-49A2-9D21-4491092E568C}.Debug|iPhone.Build.0 = Debug|iPhone
		{AB1DF15C-CECA-49A2-9D21-4491092E568C}.Debug|iPhoneSimulator.ActiveCfg = Debug|iPhoneSimulator
		{AB1DF15C-CECA-49A2-9D21-4491092E568C}.Debug|iPhoneSimulator.Build.0 = Debug|iPhoneSimulator
		{AB1DF15C-CECA-49A2-9D21-4491092E568C}.Debug|x64.ActiveCfg = Debug|iPhone
		{AB1DF15C-CECA-49A2-9D21-4491092E568C}.Debug|x86.ActiveCfg = Debug|iPhone
		{AB1DF15C-CECA-49A2-9D21-4491092E568C}.Release|Any CPU.ActiveCfg = Release|iPhone
		{AB1DF15C-CECA-49A2-9D21-4491092E568C}.Release|ARM.ActiveCfg = Release|iPhone
		{AB1DF15C-CECA-49A2-9D21-4491092E568C}.Release|iPhone.ActiveCfg = Release|iPhone
		{AB1DF15C-CECA-49A2-9D21-4491092E568C}.Release|iPhone.Build.0 = Release|iPhone
		{AB1DF15C-CECA-49A2-9D21-4491092E568C}.Release|iPhoneSimulator.ActiveCfg = Release|iPhoneSimulator
		{AB1DF15C-CECA-49A2-9D21-4491092E568C}.Release|iPhoneSimulator.Build.0 = Release|iPhoneSimulator
		{AB1DF15C-CECA-49A2-9D21-4491092E568C}.Release|x64.ActiveCfg = Release|iPhone
		{AB1DF15C-CECA-49A2-9D21-4491092E568C}.Release|x86.ActiveCfg = Release|iPhone
		{6A936ECB-16BA-4AE2-9901-BD690140AB2E}.Ad-Hoc|Any CPU.ActiveCfg = Release|x86
		{6A936ECB-16BA-4AE2-9901-BD690140AB2E}.Ad-Hoc|Any CPU.Build.0 = Release|x86
		{6A936ECB-16BA-4AE2-9901-BD690140AB2E}.Ad-Hoc|Any CPU.Deploy.0 = Release|x86
		{6A936ECB-16BA-4AE2-9901-BD690140AB2E}.Ad-Hoc|ARM.ActiveCfg = Release|ARM
		{6A936ECB-16BA-4AE2-9901-BD690140AB2E}.Ad-Hoc|ARM.Build.0 = Release|ARM
		{6A936ECB-16BA-4AE2-9901-BD690140AB2E}.Ad-Hoc|ARM.Deploy.0 = Release|ARM
		{6A936ECB-16BA-4AE2-9901-BD690140AB2E}.Ad-Hoc|iPhone.ActiveCfg = Release|x86
		{6A936ECB-16BA-4AE2-9901-BD690140AB2E}.Ad-Hoc|iPhone.Build.0 = Release|x86
		{6A936ECB-16BA-4AE2-9901-BD690140AB2E}.Ad-Hoc|iPhone.Deploy.0 = Release|x86
		{6A936ECB-16BA-4AE2-9901-BD690140AB2E}.Ad-Hoc|iPhoneSimulator.ActiveCfg = Release|x86
		{6A936ECB-16BA-4AE2-9901-BD690140AB2E}.Ad-Hoc|iPhoneSimulator.Build.0 = Release|x86
		{6A936ECB-16BA-4AE2-9901-BD690140AB2E}.Ad-Hoc|iPhoneSimulator.Deploy.0 = Release|x86
		{6A936ECB-16BA-4AE2-9901-BD690140AB2E}.Ad-Hoc|x64.ActiveCfg = Release|x64
		{6A936ECB-16BA-4AE2-9901-BD690140AB2E}.Ad-Hoc|x64.Build.0 = Release|x64
		{6A936ECB-16BA-4AE2-9901-BD690140AB2E}.Ad-Hoc|x64.Deploy.0 = Release|x64
		{6A936ECB-16BA-4AE2-9901-BD690140AB2E}.Ad-Hoc|x86.ActiveCfg = Release|x86
		{6A936ECB-16BA-4AE2-9901-BD690140AB2E}.Ad-Hoc|x86.Build.0 = Release|x86
		{6A936ECB-16BA-4AE2-9901-BD690140AB2E}.Ad-Hoc|x86.Deploy.0 = Release|x86
		{6A936ECB-16BA-4AE2-9901-BD690140AB2E}.AppStore|Any CPU.ActiveCfg = Release|x86
		{6A936ECB-16BA-4AE2-9901-BD690140AB2E}.AppStore|Any CPU.Build.0 = Release|x86
		{6A936ECB-16BA-4AE2-9901-BD690140AB2E}.AppStore|Any CPU.Deploy.0 = Release|x86
		{6A936ECB-16BA-4AE2-9901-BD690140AB2E}.AppStore|ARM.ActiveCfg = Release|ARM
		{6A936ECB-16BA-4AE2-9901-BD690140AB2E}.AppStore|ARM.Build.0 = Release|ARM
		{6A936ECB-16BA-4AE2-9901-BD690140AB2E}.AppStore|ARM.Deploy.0 = Release|ARM
		{6A936ECB-16BA-4AE2-9901-BD690140AB2E}.AppStore|iPhone.ActiveCfg = Release|x86
		{6A936ECB-16BA-4AE2-9901-BD690140AB2E}.AppStore|iPhone.Build.0 = Release|x86
		{6A936ECB-16BA-4AE2-9901-BD690140AB2E}.AppStore|iPhone.Deploy.0 = Release|x86
		{6A936ECB-16BA-4AE2-9901-BD690140AB2E}.AppStore|iPhoneSimulator.ActiveCfg = Release|x86
		{6A936ECB-16BA-4AE2-9901-BD690140AB2E}.AppStore|iPhoneSimulator.Build.0 = Release|x86
		{6A936ECB-16BA-4AE2-9901-BD690140AB2E}.AppStore|iPhoneSimulator.Deploy.0 = Release|x86
		{6A936ECB-16BA-4AE2-9901-BD690140AB2E}.AppStore|x64.ActiveCfg = Release|x64
		{6A936ECB-16BA-4AE2-9901-BD690140AB2E}.AppStore|x64.Build.0 = Release|x64
		{6A936ECB-16BA-4AE2-9901-BD690140AB2E}.AppStore|x64.Deploy.0 = Release|x64
		{6A936ECB-16BA-4AE2-9901-BD690140AB2E}.AppStore|x86.ActiveCfg = Release|x86
		{6A936ECB-16BA-4AE2-9901-BD690140AB2E}.AppStore|x86.Build.0 = Release|x86
		{6A936ECB-16BA-4AE2-9901-BD690140AB2E}.AppStore|x86.Deploy.0 = Release|x86
		{6A936ECB-16BA-4AE2-9901-BD690140AB2E}.Debug|Any CPU.ActiveCfg = Debug|x86
		{6A936ECB-16BA-4AE2-9901-BD690140AB2E}.Debug|ARM.ActiveCfg = Debug|ARM
		{6A936ECB-16BA-4AE2-9901-BD690140AB2E}.Debug|ARM.Build.0 = Debug|ARM
		{6A936ECB-16BA-4AE2-9901-BD690140AB2E}.Debug|ARM.Deploy.0 = Debug|ARM
		{6A936ECB-16BA-4AE2-9901-BD690140AB2E}.Debug|iPhone.ActiveCfg = Debug|x86
		{6A936ECB-16BA-4AE2-9901-BD690140AB2E}.Debug|iPhoneSimulator.ActiveCfg = Debug|x86
		{6A936ECB-16BA-4AE2-9901-BD690140AB2E}.Debug|x64.ActiveCfg = Debug|x64
		{6A936ECB-16BA-4AE2-9901-BD690140AB2E}.Debug|x64.Build.0 = Debug|x64
		{6A936ECB-16BA-4AE2-9901-BD690140AB2E}.Debug|x64.Deploy.0 = Debug|x64
		{6A936ECB-16BA-4AE2-9901-BD690140AB2E}.Debug|x86.ActiveCfg = Debug|x86
		{6A936ECB-16BA-4AE2-9901-BD690140AB2E}.Debug|x86.Build.0 = Debug|x86
		{6A936ECB-16BA-4AE2-9901-BD690140AB2E}.Debug|x86.Deploy.0 = Debug|x86
		{6A936ECB-16BA-4AE2-9901-BD690140AB2E}.Release|Any CPU.ActiveCfg = Release|x86
		{6A936ECB-16BA-4AE2-9901-BD690140AB2E}.Release|ARM.ActiveCfg = Release|ARM
		{6A936ECB-16BA-4AE2-9901-BD690140AB2E}.Release|ARM.Build.0 = Release|ARM
		{6A936ECB-16BA-4AE2-9901-BD690140AB2E}.Release|ARM.Deploy.0 = Release|ARM
		{6A936ECB-16BA-4AE2-9901-BD690140AB2E}.Release|iPhone.ActiveCfg = Release|x86
		{6A936ECB-16BA-4AE2-9901-BD690140AB2E}.Release|iPhoneSimulator.ActiveCfg = Release|x86
		{6A936ECB-16BA-4AE2-9901-BD690140AB2E}.Release|x64.ActiveCfg = Release|x64
		{6A936ECB-16BA-4AE2-9901-BD690140AB2E}.Release|x64.Build.0 = Release|x64
		{6A936ECB-16BA-4AE2-9901-BD690140AB2E}.Release|x64.Deploy.0 = Release|x64
		{6A936ECB-16BA-4AE2-9901-BD690140AB2E}.Release|x86.ActiveCfg = Release|x86
		{6A936ECB-16BA-4AE2-9901-BD690140AB2E}.Release|x86.Build.0 = Release|x86
		{6A936ECB-16BA-4AE2-9901-BD690140AB2E}.Release|x86.Deploy.0 = Release|x86
		{820F4140-958B-4D48-8F68-1BB000528CB9}.Ad-Hoc|Any CPU.ActiveCfg = Debug|Any CPU
		{820F4140-958B-4D48-8F68-1BB000528CB9}.Ad-Hoc|Any CPU.Build.0 = Debug|Any CPU
		{820F4140-958B-4D48-8F68-1BB000528CB9}.Ad-Hoc|ARM.ActiveCfg = Debug|Any CPU
		{820F4140-958B-4D48-8F68-1BB000528CB9}.Ad-Hoc|ARM.Build.0 = Debug|Any CPU
		{820F4140-958B-4D48-8F68-1BB000528CB9}.Ad-Hoc|iPhone.ActiveCfg = Debug|Any CPU
		{820F4140-958B-4D48-8F68-1BB000528CB9}.Ad-Hoc|iPhone.Build.0 = Debug|Any CPU
		{820F4140-958B-4D48-8F68-1BB000528CB9}.Ad-Hoc|iPhoneSimulator.ActiveCfg = Debug|Any CPU
		{820F4140-958B-4D48-8F68-1BB000528CB9}.Ad-Hoc|iPhoneSimulator.Build.0 = Debug|Any CPU
		{820F4140-958B-4D48-8F68-1BB000528CB9}.Ad-Hoc|x64.ActiveCfg = Debug|Any CPU
		{820F4140-958B-4D48-8F68-1BB000528CB9}.Ad-Hoc|x64.Build.0 = Debug|Any CPU
		{820F4140-958B-4D48-8F68-1BB000528CB9}.Ad-Hoc|x86.ActiveCfg = Debug|Any CPU
		{820F4140-958B-4D48-8F68-1BB000528CB9}.Ad-Hoc|x86.Build.0 = Debug|Any CPU
		{820F4140-958B-4D48-8F68-1BB000528CB9}.AppStore|Any CPU.ActiveCfg = Debug|Any CPU
		{820F4140-958B-4D48-8F68-1BB000528CB9}.AppStore|Any CPU.Build.0 = Debug|Any CPU
		{820F4140-958B-4D48-8F68-1BB000528CB9}.AppStore|ARM.ActiveCfg = Debug|Any CPU
		{820F4140-958B-4D48-8F68-1BB000528CB9}.AppStore|ARM.Build.0 = Debug|Any CPU
		{820F4140-958B-4D48-8F68-1BB000528CB9}.AppStore|iPhone.ActiveCfg = Debug|Any CPU
		{820F4140-958B-4D48-8F68-1BB000528CB9}.AppStore|iPhone.Build.0 = Debug|Any CPU
		{820F4140-958B-4D48-8F68-1BB000528CB9}.AppStore|iPhoneSimulator.ActiveCfg = Debug|Any CPU
		{820F4140-958B-4D48-8F68-1BB000528CB9}.AppStore|iPhoneSimulator.Build.0 = Debug|Any CPU
		{820F4140-958B-4D48-8F68-1BB000528CB9}.AppStore|x64.ActiveCfg = Debug|Any CPU
		{820F4140-958B-4D48-8F68-1BB000528CB9}.AppStore|x64.Build.0 = Debug|Any CPU
		{820F4140-958B-4D48-8F68-1BB000528CB9}.AppStore|x86.ActiveCfg = Debug|Any CPU
		{820F4140-958B-4D48-8F68-1BB000528CB9}.AppStore|x86.Build.0 = Debug|Any CPU
		{820F4140-958B-4D48-8F68-1BB000528CB9}.Debug|Any CPU.ActiveCfg = Debug|Any CPU
		{820F4140-958B-4D48-8F68-1BB000528CB9}.Debug|Any CPU.Build.0 = Debug|Any CPU
		{820F4140-958B-4D48-8F68-1BB000528CB9}.Debug|ARM.ActiveCfg = Debug|Any CPU
		{820F4140-958B-4D48-8F68-1BB000528CB9}.Debug|ARM.Build.0 = Debug|Any CPU
		{820F4140-958B-4D48-8F68-1BB000528CB9}.Debug|iPhone.ActiveCfg = Debug|Any CPU
		{820F4140-958B-4D48-8F68-1BB000528CB9}.Debug|iPhone.Build.0 = Debug|Any CPU
		{820F4140-958B-4D48-8F68-1BB000528CB9}.Debug|iPhoneSimulator.ActiveCfg = Debug|Any CPU
		{820F4140-958B-4D48-8F68-1BB000528CB9}.Debug|iPhoneSimulator.Build.0 = Debug|Any CPU
		{820F4140-958B-4D48-8F68-1BB000528CB9}.Debug|x64.ActiveCfg = Debug|Any CPU
		{820F4140-958B-4D48-8F68-1BB000528CB9}.Debug|x64.Build.0 = Debug|Any CPU
		{820F4140-958B-4D48-8F68-1BB000528CB9}.Debug|x86.ActiveCfg = Debug|Any CPU
		{820F4140-958B-4D48-8F68-1BB000528CB9}.Debug|x86.Build.0 = Debug|Any CPU
		{820F4140-958B-4D48-8F68-1BB000528CB9}.Release|Any CPU.ActiveCfg = Release|Any CPU
		{820F4140-958B-4D48-8F68-1BB000528CB9}.Release|Any CPU.Build.0 = Release|Any CPU
		{820F4140-958B-4D48-8F68-1BB000528CB9}.Release|ARM.ActiveCfg = Release|Any CPU
		{820F4140-958B-4D48-8F68-1BB000528CB9}.Release|ARM.Build.0 = Release|Any CPU
		{820F4140-958B-4D48-8F68-1BB000528CB9}.Release|iPhone.ActiveCfg = Release|Any CPU
		{820F4140-958B-4D48-8F68-1BB000528CB9}.Release|iPhone.Build.0 = Release|Any CPU
		{820F4140-958B-4D48-8F68-1BB000528CB9}.Release|iPhoneSimulator.ActiveCfg = Release|Any CPU
		{820F4140-958B-4D48-8F68-1BB000528CB9}.Release|iPhoneSimulator.Build.0 = Release|Any CPU
		{820F4140-958B-4D48-8F68-1BB000528CB9}.Release|x64.ActiveCfg = Release|Any CPU
		{820F4140-958B-4D48-8F68-1BB000528CB9}.Release|x64.Build.0 = Release|Any CPU
		{820F4140-958B-4D48-8F68-1BB000528CB9}.Release|x86.ActiveCfg = Release|Any CPU
		{820F4140-958B-4D48-8F68-1BB000528CB9}.Release|x86.Build.0 = Release|Any CPU
		{6F187A7D-8944-46BC-B153-5C87AFE43B68}.Ad-Hoc|Any CPU.ActiveCfg = Release|Any CPU
		{6F187A7D-8944-46BC-B153-5C87AFE43B68}.Ad-Hoc|Any CPU.Build.0 = Release|Any CPU
		{6F187A7D-8944-46BC-B153-5C87AFE43B68}.Ad-Hoc|ARM.ActiveCfg = Release|Any CPU
		{6F187A7D-8944-46BC-B153-5C87AFE43B68}.Ad-Hoc|ARM.Build.0 = Release|Any CPU
		{6F187A7D-8944-46BC-B153-5C87AFE43B68}.Ad-Hoc|iPhone.ActiveCfg = Release|Any CPU
		{6F187A7D-8944-46BC-B153-5C87AFE43B68}.Ad-Hoc|iPhone.Build.0 = Release|Any CPU
		{6F187A7D-8944-46BC-B153-5C87AFE43B68}.Ad-Hoc|iPhoneSimulator.ActiveCfg = Release|Any CPU
		{6F187A7D-8944-46BC-B153-5C87AFE43B68}.Ad-Hoc|iPhoneSimulator.Build.0 = Release|Any CPU
		{6F187A7D-8944-46BC-B153-5C87AFE43B68}.Ad-Hoc|x64.ActiveCfg = Release|Any CPU
		{6F187A7D-8944-46BC-B153-5C87AFE43B68}.Ad-Hoc|x64.Build.0 = Release|Any CPU
		{6F187A7D-8944-46BC-B153-5C87AFE43B68}.Ad-Hoc|x86.ActiveCfg = Release|Any CPU
		{6F187A7D-8944-46BC-B153-5C87AFE43B68}.Ad-Hoc|x86.Build.0 = Release|Any CPU
		{6F187A7D-8944-46BC-B153-5C87AFE43B68}.AppStore|Any CPU.ActiveCfg = Release|Any CPU
		{6F187A7D-8944-46BC-B153-5C87AFE43B68}.AppStore|Any CPU.Build.0 = Release|Any CPU
		{6F187A7D-8944-46BC-B153-5C87AFE43B68}.AppStore|ARM.ActiveCfg = Release|Any CPU
		{6F187A7D-8944-46BC-B153-5C87AFE43B68}.AppStore|ARM.Build.0 = Release|Any CPU
		{6F187A7D-8944-46BC-B153-5C87AFE43B68}.AppStore|iPhone.ActiveCfg = Release|Any CPU
		{6F187A7D-8944-46BC-B153-5C87AFE43B68}.AppStore|iPhone.Build.0 = Release|Any CPU
		{6F187A7D-8944-46BC-B153-5C87AFE43B68}.AppStore|iPhoneSimulator.ActiveCfg = Release|Any CPU
		{6F187A7D-8944-46BC-B153-5C87AFE43B68}.AppStore|iPhoneSimulator.Build.0 = Release|Any CPU
		{6F187A7D-8944-46BC-B153-5C87AFE43B68}.AppStore|x64.ActiveCfg = Release|Any CPU
		{6F187A7D-8944-46BC-B153-5C87AFE43B68}.AppStore|x64.Build.0 = Release|Any CPU
		{6F187A7D-8944-46BC-B153-5C87AFE43B68}.AppStore|x86.ActiveCfg = Release|Any CPU
		{6F187A7D-8944-46BC-B153-5C87AFE43B68}.AppStore|x86.Build.0 = Release|Any CPU
		{6F187A7D-8944-46BC-B153-5C87AFE43B68}.Debug|Any CPU.ActiveCfg = Debug|Any CPU
		{6F187A7D-8944-46BC-B153-5C87AFE43B68}.Debug|Any CPU.Build.0 = Debug|Any CPU
		{6F187A7D-8944-46BC-B153-5C87AFE43B68}.Debug|ARM.ActiveCfg = Debug|Any CPU
		{6F187A7D-8944-46BC-B153-5C87AFE43B68}.Debug|ARM.Build.0 = Debug|Any CPU
		{6F187A7D-8944-46BC-B153-5C87AFE43B68}.Debug|iPhone.ActiveCfg = Debug|Any CPU
		{6F187A7D-8944-46BC-B153-5C87AFE43B68}.Debug|iPhone.Build.0 = Debug|Any CPU
		{6F187A7D-8944-46BC-B153-5C87AFE43B68}.Debug|iPhoneSimulator.ActiveCfg = Debug|Any CPU
		{6F187A7D-8944-46BC-B153-5C87AFE43B68}.Debug|iPhoneSimulator.Build.0 = Debug|Any CPU
		{6F187A7D-8944-46BC-B153-5C87AFE43B68}.Debug|x64.ActiveCfg = Debug|Any CPU
		{6F187A7D-8944-46BC-B153-5C87AFE43B68}.Debug|x64.Build.0 = Debug|Any CPU
		{6F187A7D-8944-46BC-B153-5C87AFE43B68}.Debug|x86.ActiveCfg = Debug|Any CPU
		{6F187A7D-8944-46BC-B153-5C87AFE43B68}.Debug|x86.Build.0 = Debug|Any CPU
		{6F187A7D-8944-46BC-B153-5C87AFE43B68}.Release|Any CPU.ActiveCfg = Release|Any CPU
		{6F187A7D-8944-46BC-B153-5C87AFE43B68}.Release|Any CPU.Build.0 = Release|Any CPU
		{6F187A7D-8944-46BC-B153-5C87AFE43B68}.Release|ARM.ActiveCfg = Release|Any CPU
		{6F187A7D-8944-46BC-B153-5C87AFE43B68}.Release|ARM.Build.0 = Release|Any CPU
		{6F187A7D-8944-46BC-B153-5C87AFE43B68}.Release|iPhone.ActiveCfg = Release|Any CPU
		{6F187A7D-8944-46BC-B153-5C87AFE43B68}.Release|iPhone.Build.0 = Release|Any CPU
		{6F187A7D-8944-46BC-B153-5C87AFE43B68}.Release|iPhoneSimulator.ActiveCfg = Release|Any CPU
		{6F187A7D-8944-46BC-B153-5C87AFE43B68}.Release|iPhoneSimulator.Build.0 = Release|Any CPU
		{6F187A7D-8944-46BC-B153-5C87AFE43B68}.Release|x64.ActiveCfg = Release|Any CPU
		{6F187A7D-8944-46BC-B153-5C87AFE43B68}.Release|x64.Build.0 = Release|Any CPU
		{6F187A7D-8944-46BC-B153-5C87AFE43B68}.Release|x86.ActiveCfg = Release|Any CPU
		{6F187A7D-8944-46BC-B153-5C87AFE43B68}.Release|x86.Build.0 = Release|Any CPU
		{D86064FD-36C9-4357-8698-A7C54369CFCE}.Ad-Hoc|Any CPU.ActiveCfg = Release|Any CPU
		{D86064FD-36C9-4357-8698-A7C54369CFCE}.Ad-Hoc|Any CPU.Build.0 = Release|Any CPU
		{D86064FD-36C9-4357-8698-A7C54369CFCE}.Ad-Hoc|ARM.ActiveCfg = Release|Any CPU
		{D86064FD-36C9-4357-8698-A7C54369CFCE}.Ad-Hoc|ARM.Build.0 = Release|Any CPU
		{D86064FD-36C9-4357-8698-A7C54369CFCE}.Ad-Hoc|iPhone.ActiveCfg = Release|Any CPU
		{D86064FD-36C9-4357-8698-A7C54369CFCE}.Ad-Hoc|iPhone.Build.0 = Release|Any CPU
		{D86064FD-36C9-4357-8698-A7C54369CFCE}.Ad-Hoc|iPhoneSimulator.ActiveCfg = Release|Any CPU
		{D86064FD-36C9-4357-8698-A7C54369CFCE}.Ad-Hoc|iPhoneSimulator.Build.0 = Release|Any CPU
		{D86064FD-36C9-4357-8698-A7C54369CFCE}.Ad-Hoc|x64.ActiveCfg = Release|Any CPU
		{D86064FD-36C9-4357-8698-A7C54369CFCE}.Ad-Hoc|x64.Build.0 = Release|Any CPU
		{D86064FD-36C9-4357-8698-A7C54369CFCE}.Ad-Hoc|x86.ActiveCfg = Release|Any CPU
		{D86064FD-36C9-4357-8698-A7C54369CFCE}.Ad-Hoc|x86.Build.0 = Release|Any CPU
		{D86064FD-36C9-4357-8698-A7C54369CFCE}.AppStore|Any CPU.ActiveCfg = Release|Any CPU
		{D86064FD-36C9-4357-8698-A7C54369CFCE}.AppStore|Any CPU.Build.0 = Release|Any CPU
		{D86064FD-36C9-4357-8698-A7C54369CFCE}.AppStore|ARM.ActiveCfg = Release|Any CPU
		{D86064FD-36C9-4357-8698-A7C54369CFCE}.AppStore|ARM.Build.0 = Release|Any CPU
		{D86064FD-36C9-4357-8698-A7C54369CFCE}.AppStore|iPhone.ActiveCfg = Release|Any CPU
		{D86064FD-36C9-4357-8698-A7C54369CFCE}.AppStore|iPhone.Build.0 = Release|Any CPU
		{D86064FD-36C9-4357-8698-A7C54369CFCE}.AppStore|iPhoneSimulator.ActiveCfg = Release|Any CPU
		{D86064FD-36C9-4357-8698-A7C54369CFCE}.AppStore|iPhoneSimulator.Build.0 = Release|Any CPU
		{D86064FD-36C9-4357-8698-A7C54369CFCE}.AppStore|x64.ActiveCfg = Release|Any CPU
		{D86064FD-36C9-4357-8698-A7C54369CFCE}.AppStore|x64.Build.0 = Release|Any CPU
		{D86064FD-36C9-4357-8698-A7C54369CFCE}.AppStore|x86.ActiveCfg = Release|Any CPU
		{D86064FD-36C9-4357-8698-A7C54369CFCE}.AppStore|x86.Build.0 = Release|Any CPU
		{D86064FD-36C9-4357-8698-A7C54369CFCE}.Debug|Any CPU.ActiveCfg = Debug|Any CPU
		{D86064FD-36C9-4357-8698-A7C54369CFCE}.Debug|Any CPU.Build.0 = Debug|Any CPU
		{D86064FD-36C9-4357-8698-A7C54369CFCE}.Debug|ARM.ActiveCfg = Debug|Any CPU
		{D86064FD-36C9-4357-8698-A7C54369CFCE}.Debug|ARM.Build.0 = Debug|Any CPU
		{D86064FD-36C9-4357-8698-A7C54369CFCE}.Debug|iPhone.ActiveCfg = Debug|Any CPU
		{D86064FD-36C9-4357-8698-A7C54369CFCE}.Debug|iPhone.Build.0 = Debug|Any CPU
		{D86064FD-36C9-4357-8698-A7C54369CFCE}.Debug|iPhoneSimulator.ActiveCfg = Debug|Any CPU
		{D86064FD-36C9-4357-8698-A7C54369CFCE}.Debug|iPhoneSimulator.Build.0 = Debug|Any CPU
		{D86064FD-36C9-4357-8698-A7C54369CFCE}.Debug|x64.ActiveCfg = Debug|Any CPU
		{D86064FD-36C9-4357-8698-A7C54369CFCE}.Debug|x64.Build.0 = Debug|Any CPU
		{D86064FD-36C9-4357-8698-A7C54369CFCE}.Debug|x86.ActiveCfg = Debug|Any CPU
		{D86064FD-36C9-4357-8698-A7C54369CFCE}.Debug|x86.Build.0 = Debug|Any CPU
		{D86064FD-36C9-4357-8698-A7C54369CFCE}.Release|Any CPU.ActiveCfg = Release|Any CPU
		{D86064FD-36C9-4357-8698-A7C54369CFCE}.Release|Any CPU.Build.0 = Release|Any CPU
		{D86064FD-36C9-4357-8698-A7C54369CFCE}.Release|ARM.ActiveCfg = Release|Any CPU
		{D86064FD-36C9-4357-8698-A7C54369CFCE}.Release|ARM.Build.0 = Release|Any CPU
		{D86064FD-36C9-4357-8698-A7C54369CFCE}.Release|iPhone.ActiveCfg = Release|Any CPU
		{D86064FD-36C9-4357-8698-A7C54369CFCE}.Release|iPhone.Build.0 = Release|Any CPU
		{D86064FD-36C9-4357-8698-A7C54369CFCE}.Release|iPhoneSimulator.ActiveCfg = Release|Any CPU
		{D86064FD-36C9-4357-8698-A7C54369CFCE}.Release|iPhoneSimulator.Build.0 = Release|Any CPU
		{D86064FD-36C9-4357-8698-A7C54369CFCE}.Release|x64.ActiveCfg = Release|Any CPU
		{D86064FD-36C9-4357-8698-A7C54369CFCE}.Release|x64.Build.0 = Release|Any CPU
		{D86064FD-36C9-4357-8698-A7C54369CFCE}.Release|x86.ActiveCfg = Release|Any CPU
		{D86064FD-36C9-4357-8698-A7C54369CFCE}.Release|x86.Build.0 = Release|Any CPU
		{E9528F39-405C-4906-91C3-3E8BAFFCAA3A}.Ad-Hoc|Any CPU.ActiveCfg = Release|Any CPU
		{E9528F39-405C-4906-91C3-3E8BAFFCAA3A}.Ad-Hoc|Any CPU.Build.0 = Release|Any CPU
		{E9528F39-405C-4906-91C3-3E8BAFFCAA3A}.Ad-Hoc|ARM.ActiveCfg = Release|Any CPU
		{E9528F39-405C-4906-91C3-3E8BAFFCAA3A}.Ad-Hoc|ARM.Build.0 = Release|Any CPU
		{E9528F39-405C-4906-91C3-3E8BAFFCAA3A}.Ad-Hoc|iPhone.ActiveCfg = Release|Any CPU
		{E9528F39-405C-4906-91C3-3E8BAFFCAA3A}.Ad-Hoc|iPhone.Build.0 = Release|Any CPU
		{E9528F39-405C-4906-91C3-3E8BAFFCAA3A}.Ad-Hoc|iPhoneSimulator.ActiveCfg = Release|Any CPU
		{E9528F39-405C-4906-91C3-3E8BAFFCAA3A}.Ad-Hoc|iPhoneSimulator.Build.0 = Release|Any CPU
		{E9528F39-405C-4906-91C3-3E8BAFFCAA3A}.Ad-Hoc|x64.ActiveCfg = Release|Any CPU
		{E9528F39-405C-4906-91C3-3E8BAFFCAA3A}.Ad-Hoc|x64.Build.0 = Release|Any CPU
		{E9528F39-405C-4906-91C3-3E8BAFFCAA3A}.Ad-Hoc|x86.ActiveCfg = Release|Any CPU
		{E9528F39-405C-4906-91C3-3E8BAFFCAA3A}.Ad-Hoc|x86.Build.0 = Release|Any CPU
		{E9528F39-405C-4906-91C3-3E8BAFFCAA3A}.AppStore|Any CPU.ActiveCfg = Release|Any CPU
		{E9528F39-405C-4906-91C3-3E8BAFFCAA3A}.AppStore|Any CPU.Build.0 = Release|Any CPU
		{E9528F39-405C-4906-91C3-3E8BAFFCAA3A}.AppStore|ARM.ActiveCfg = Release|Any CPU
		{E9528F39-405C-4906-91C3-3E8BAFFCAA3A}.AppStore|ARM.Build.0 = Release|Any CPU
		{E9528F39-405C-4906-91C3-3E8BAFFCAA3A}.AppStore|iPhone.ActiveCfg = Release|Any CPU
		{E9528F39-405C-4906-91C3-3E8BAFFCAA3A}.AppStore|iPhone.Build.0 = Release|Any CPU
		{E9528F39-405C-4906-91C3-3E8BAFFCAA3A}.AppStore|iPhoneSimulator.ActiveCfg = Release|Any CPU
		{E9528F39-405C-4906-91C3-3E8BAFFCAA3A}.AppStore|iPhoneSimulator.Build.0 = Release|Any CPU
		{E9528F39-405C-4906-91C3-3E8BAFFCAA3A}.AppStore|x64.ActiveCfg = Release|Any CPU
		{E9528F39-405C-4906-91C3-3E8BAFFCAA3A}.AppStore|x64.Build.0 = Release|Any CPU
		{E9528F39-405C-4906-91C3-3E8BAFFCAA3A}.AppStore|x86.ActiveCfg = Release|Any CPU
		{E9528F39-405C-4906-91C3-3E8BAFFCAA3A}.AppStore|x86.Build.0 = Release|Any CPU
		{E9528F39-405C-4906-91C3-3E8BAFFCAA3A}.Debug|Any CPU.ActiveCfg = Debug|Any CPU
		{E9528F39-405C-4906-91C3-3E8BAFFCAA3A}.Debug|Any CPU.Build.0 = Debug|Any CPU
		{E9528F39-405C-4906-91C3-3E8BAFFCAA3A}.Debug|ARM.ActiveCfg = Debug|Any CPU
		{E9528F39-405C-4906-91C3-3E8BAFFCAA3A}.Debug|ARM.Build.0 = Debug|Any CPU
		{E9528F39-405C-4906-91C3-3E8BAFFCAA3A}.Debug|iPhone.ActiveCfg = Debug|Any CPU
		{E9528F39-405C-4906-91C3-3E8BAFFCAA3A}.Debug|iPhone.Build.0 = Debug|Any CPU
		{E9528F39-405C-4906-91C3-3E8BAFFCAA3A}.Debug|iPhoneSimulator.ActiveCfg = Debug|Any CPU
		{E9528F39-405C-4906-91C3-3E8BAFFCAA3A}.Debug|iPhoneSimulator.Build.0 = Debug|Any CPU
		{E9528F39-405C-4906-91C3-3E8BAFFCAA3A}.Debug|x64.ActiveCfg = Debug|Any CPU
		{E9528F39-405C-4906-91C3-3E8BAFFCAA3A}.Debug|x64.Build.0 = Debug|Any CPU
		{E9528F39-405C-4906-91C3-3E8BAFFCAA3A}.Debug|x86.ActiveCfg = Debug|Any CPU
		{E9528F39-405C-4906-91C3-3E8BAFFCAA3A}.Debug|x86.Build.0 = Debug|Any CPU
		{E9528F39-405C-4906-91C3-3E8BAFFCAA3A}.Release|Any CPU.ActiveCfg = Release|Any CPU
		{E9528F39-405C-4906-91C3-3E8BAFFCAA3A}.Release|Any CPU.Build.0 = Release|Any CPU
		{E9528F39-405C-4906-91C3-3E8BAFFCAA3A}.Release|ARM.ActiveCfg = Release|Any CPU
		{E9528F39-405C-4906-91C3-3E8BAFFCAA3A}.Release|ARM.Build.0 = Release|Any CPU
		{E9528F39-405C-4906-91C3-3E8BAFFCAA3A}.Release|iPhone.ActiveCfg = Release|Any CPU
		{E9528F39-405C-4906-91C3-3E8BAFFCAA3A}.Release|iPhone.Build.0 = Release|Any CPU
		{E9528F39-405C-4906-91C3-3E8BAFFCAA3A}.Release|iPhoneSimulator.ActiveCfg = Release|Any CPU
		{E9528F39-405C-4906-91C3-3E8BAFFCAA3A}.Release|iPhoneSimulator.Build.0 = Release|Any CPU
		{E9528F39-405C-4906-91C3-3E8BAFFCAA3A}.Release|x64.ActiveCfg = Release|Any CPU
		{E9528F39-405C-4906-91C3-3E8BAFFCAA3A}.Release|x64.Build.0 = Release|Any CPU
		{E9528F39-405C-4906-91C3-3E8BAFFCAA3A}.Release|x86.ActiveCfg = Release|Any CPU
		{E9528F39-405C-4906-91C3-3E8BAFFCAA3A}.Release|x86.Build.0 = Release|Any CPU
		{BE80377E-FB50-4096-8D14-3CECC751DC4F}.Ad-Hoc|Any CPU.ActiveCfg = Release|Any CPU
		{BE80377E-FB50-4096-8D14-3CECC751DC4F}.Ad-Hoc|Any CPU.Build.0 = Release|Any CPU
		{BE80377E-FB50-4096-8D14-3CECC751DC4F}.Ad-Hoc|ARM.ActiveCfg = Release|Any CPU
		{BE80377E-FB50-4096-8D14-3CECC751DC4F}.Ad-Hoc|ARM.Build.0 = Release|Any CPU
		{BE80377E-FB50-4096-8D14-3CECC751DC4F}.Ad-Hoc|iPhone.ActiveCfg = Release|Any CPU
		{BE80377E-FB50-4096-8D14-3CECC751DC4F}.Ad-Hoc|iPhone.Build.0 = Release|Any CPU
		{BE80377E-FB50-4096-8D14-3CECC751DC4F}.Ad-Hoc|iPhoneSimulator.ActiveCfg = Release|Any CPU
		{BE80377E-FB50-4096-8D14-3CECC751DC4F}.Ad-Hoc|iPhoneSimulator.Build.0 = Release|Any CPU
		{BE80377E-FB50-4096-8D14-3CECC751DC4F}.Ad-Hoc|x64.ActiveCfg = Release|Any CPU
		{BE80377E-FB50-4096-8D14-3CECC751DC4F}.Ad-Hoc|x64.Build.0 = Release|Any CPU
		{BE80377E-FB50-4096-8D14-3CECC751DC4F}.Ad-Hoc|x86.ActiveCfg = Release|Any CPU
		{BE80377E-FB50-4096-8D14-3CECC751DC4F}.Ad-Hoc|x86.Build.0 = Release|Any CPU
		{BE80377E-FB50-4096-8D14-3CECC751DC4F}.AppStore|Any CPU.ActiveCfg = Release|Any CPU
		{BE80377E-FB50-4096-8D14-3CECC751DC4F}.AppStore|Any CPU.Build.0 = Release|Any CPU
		{BE80377E-FB50-4096-8D14-3CECC751DC4F}.AppStore|ARM.ActiveCfg = Release|Any CPU
		{BE80377E-FB50-4096-8D14-3CECC751DC4F}.AppStore|ARM.Build.0 = Release|Any CPU
		{BE80377E-FB50-4096-8D14-3CECC751DC4F}.AppStore|iPhone.ActiveCfg = Release|Any CPU
		{BE80377E-FB50-4096-8D14-3CECC751DC4F}.AppStore|iPhone.Build.0 = Release|Any CPU
		{BE80377E-FB50-4096-8D14-3CECC751DC4F}.AppStore|iPhoneSimulator.ActiveCfg = Release|Any CPU
		{BE80377E-FB50-4096-8D14-3CECC751DC4F}.AppStore|iPhoneSimulator.Build.0 = Release|Any CPU
		{BE80377E-FB50-4096-8D14-3CECC751DC4F}.AppStore|x64.ActiveCfg = Release|Any CPU
		{BE80377E-FB50-4096-8D14-3CECC751DC4F}.AppStore|x64.Build.0 = Release|Any CPU
		{BE80377E-FB50-4096-8D14-3CECC751DC4F}.AppStore|x86.ActiveCfg = Release|Any CPU
		{BE80377E-FB50-4096-8D14-3CECC751DC4F}.AppStore|x86.Build.0 = Release|Any CPU
		{BE80377E-FB50-4096-8D14-3CECC751DC4F}.Debug|Any CPU.ActiveCfg = Debug|Any CPU
		{BE80377E-FB50-4096-8D14-3CECC751DC4F}.Debug|Any CPU.Build.0 = Debug|Any CPU
		{BE80377E-FB50-4096-8D14-3CECC751DC4F}.Debug|ARM.ActiveCfg = Debug|Any CPU
		{BE80377E-FB50-4096-8D14-3CECC751DC4F}.Debug|ARM.Build.0 = Debug|Any CPU
		{BE80377E-FB50-4096-8D14-3CECC751DC4F}.Debug|iPhone.ActiveCfg = Debug|Any CPU
		{BE80377E-FB50-4096-8D14-3CECC751DC4F}.Debug|iPhone.Build.0 = Debug|Any CPU
		{BE80377E-FB50-4096-8D14-3CECC751DC4F}.Debug|iPhoneSimulator.ActiveCfg = Debug|Any CPU
		{BE80377E-FB50-4096-8D14-3CECC751DC4F}.Debug|iPhoneSimulator.Build.0 = Debug|Any CPU
		{BE80377E-FB50-4096-8D14-3CECC751DC4F}.Debug|x64.ActiveCfg = Debug|Any CPU
		{BE80377E-FB50-4096-8D14-3CECC751DC4F}.Debug|x64.Build.0 = Debug|Any CPU
		{BE80377E-FB50-4096-8D14-3CECC751DC4F}.Debug|x86.ActiveCfg = Debug|Any CPU
		{BE80377E-FB50-4096-8D14-3CECC751DC4F}.Debug|x86.Build.0 = Debug|Any CPU
		{BE80377E-FB50-4096-8D14-3CECC751DC4F}.Release|Any CPU.ActiveCfg = Release|Any CPU
		{BE80377E-FB50-4096-8D14-3CECC751DC4F}.Release|Any CPU.Build.0 = Release|Any CPU
		{BE80377E-FB50-4096-8D14-3CECC751DC4F}.Release|ARM.ActiveCfg = Release|Any CPU
		{BE80377E-FB50-4096-8D14-3CECC751DC4F}.Release|ARM.Build.0 = Release|Any CPU
		{BE80377E-FB50-4096-8D14-3CECC751DC4F}.Release|iPhone.ActiveCfg = Release|Any CPU
		{BE80377E-FB50-4096-8D14-3CECC751DC4F}.Release|iPhone.Build.0 = Release|Any CPU
		{BE80377E-FB50-4096-8D14-3CECC751DC4F}.Release|iPhoneSimulator.ActiveCfg = Release|Any CPU
		{BE80377E-FB50-4096-8D14-3CECC751DC4F}.Release|iPhoneSimulator.Build.0 = Release|Any CPU
		{BE80377E-FB50-4096-8D14-3CECC751DC4F}.Release|x64.ActiveCfg = Release|Any CPU
		{BE80377E-FB50-4096-8D14-3CECC751DC4F}.Release|x64.Build.0 = Release|Any CPU
		{BE80377E-FB50-4096-8D14-3CECC751DC4F}.Release|x86.ActiveCfg = Release|Any CPU
		{BE80377E-FB50-4096-8D14-3CECC751DC4F}.Release|x86.Build.0 = Release|Any CPU
		{81DFC945-E963-4CD7-94FF-328C0BD9BBA7}.Ad-Hoc|Any CPU.ActiveCfg = Debug|Any CPU
		{81DFC945-E963-4CD7-94FF-328C0BD9BBA7}.Ad-Hoc|Any CPU.Build.0 = Debug|Any CPU
		{81DFC945-E963-4CD7-94FF-328C0BD9BBA7}.Ad-Hoc|ARM.ActiveCfg = Debug|Any CPU
		{81DFC945-E963-4CD7-94FF-328C0BD9BBA7}.Ad-Hoc|ARM.Build.0 = Debug|Any CPU
		{81DFC945-E963-4CD7-94FF-328C0BD9BBA7}.Ad-Hoc|iPhone.ActiveCfg = Debug|Any CPU
		{81DFC945-E963-4CD7-94FF-328C0BD9BBA7}.Ad-Hoc|iPhone.Build.0 = Debug|Any CPU
		{81DFC945-E963-4CD7-94FF-328C0BD9BBA7}.Ad-Hoc|iPhoneSimulator.ActiveCfg = Debug|Any CPU
		{81DFC945-E963-4CD7-94FF-328C0BD9BBA7}.Ad-Hoc|iPhoneSimulator.Build.0 = Debug|Any CPU
		{81DFC945-E963-4CD7-94FF-328C0BD9BBA7}.Ad-Hoc|x64.ActiveCfg = Debug|Any CPU
		{81DFC945-E963-4CD7-94FF-328C0BD9BBA7}.Ad-Hoc|x64.Build.0 = Debug|Any CPU
		{81DFC945-E963-4CD7-94FF-328C0BD9BBA7}.Ad-Hoc|x86.ActiveCfg = Debug|Any CPU
		{81DFC945-E963-4CD7-94FF-328C0BD9BBA7}.Ad-Hoc|x86.Build.0 = Debug|Any CPU
		{81DFC945-E963-4CD7-94FF-328C0BD9BBA7}.AppStore|Any CPU.ActiveCfg = Debug|Any CPU
		{81DFC945-E963-4CD7-94FF-328C0BD9BBA7}.AppStore|Any CPU.Build.0 = Debug|Any CPU
		{81DFC945-E963-4CD7-94FF-328C0BD9BBA7}.AppStore|ARM.ActiveCfg = Debug|Any CPU
		{81DFC945-E963-4CD7-94FF-328C0BD9BBA7}.AppStore|ARM.Build.0 = Debug|Any CPU
		{81DFC945-E963-4CD7-94FF-328C0BD9BBA7}.AppStore|iPhone.ActiveCfg = Debug|Any CPU
		{81DFC945-E963-4CD7-94FF-328C0BD9BBA7}.AppStore|iPhone.Build.0 = Debug|Any CPU
		{81DFC945-E963-4CD7-94FF-328C0BD9BBA7}.AppStore|iPhoneSimulator.ActiveCfg = Debug|Any CPU
		{81DFC945-E963-4CD7-94FF-328C0BD9BBA7}.AppStore|iPhoneSimulator.Build.0 = Debug|Any CPU
		{81DFC945-E963-4CD7-94FF-328C0BD9BBA7}.AppStore|x64.ActiveCfg = Debug|Any CPU
		{81DFC945-E963-4CD7-94FF-328C0BD9BBA7}.AppStore|x64.Build.0 = Debug|Any CPU
		{81DFC945-E963-4CD7-94FF-328C0BD9BBA7}.AppStore|x86.ActiveCfg = Debug|Any CPU
		{81DFC945-E963-4CD7-94FF-328C0BD9BBA7}.AppStore|x86.Build.0 = Debug|Any CPU
		{81DFC945-E963-4CD7-94FF-328C0BD9BBA7}.Debug|Any CPU.ActiveCfg = Debug|Any CPU
		{81DFC945-E963-4CD7-94FF-328C0BD9BBA7}.Debug|Any CPU.Build.0 = Debug|Any CPU
		{81DFC945-E963-4CD7-94FF-328C0BD9BBA7}.Debug|ARM.ActiveCfg = Debug|Any CPU
		{81DFC945-E963-4CD7-94FF-328C0BD9BBA7}.Debug|ARM.Build.0 = Debug|Any CPU
		{81DFC945-E963-4CD7-94FF-328C0BD9BBA7}.Debug|iPhone.ActiveCfg = Debug|Any CPU
		{81DFC945-E963-4CD7-94FF-328C0BD9BBA7}.Debug|iPhone.Build.0 = Debug|Any CPU
		{81DFC945-E963-4CD7-94FF-328C0BD9BBA7}.Debug|iPhoneSimulator.ActiveCfg = Debug|Any CPU
		{81DFC945-E963-4CD7-94FF-328C0BD9BBA7}.Debug|iPhoneSimulator.Build.0 = Debug|Any CPU
		{81DFC945-E963-4CD7-94FF-328C0BD9BBA7}.Debug|x64.ActiveCfg = Debug|Any CPU
		{81DFC945-E963-4CD7-94FF-328C0BD9BBA7}.Debug|x64.Build.0 = Debug|Any CPU
		{81DFC945-E963-4CD7-94FF-328C0BD9BBA7}.Debug|x86.ActiveCfg = Debug|Any CPU
		{81DFC945-E963-4CD7-94FF-328C0BD9BBA7}.Debug|x86.Build.0 = Debug|Any CPU
		{81DFC945-E963-4CD7-94FF-328C0BD9BBA7}.Release|Any CPU.ActiveCfg = Release|Any CPU
		{81DFC945-E963-4CD7-94FF-328C0BD9BBA7}.Release|Any CPU.Build.0 = Release|Any CPU
		{81DFC945-E963-4CD7-94FF-328C0BD9BBA7}.Release|ARM.ActiveCfg = Release|Any CPU
		{81DFC945-E963-4CD7-94FF-328C0BD9BBA7}.Release|ARM.Build.0 = Release|Any CPU
		{81DFC945-E963-4CD7-94FF-328C0BD9BBA7}.Release|iPhone.ActiveCfg = Release|Any CPU
		{81DFC945-E963-4CD7-94FF-328C0BD9BBA7}.Release|iPhone.Build.0 = Release|Any CPU
		{81DFC945-E963-4CD7-94FF-328C0BD9BBA7}.Release|iPhoneSimulator.ActiveCfg = Release|Any CPU
		{81DFC945-E963-4CD7-94FF-328C0BD9BBA7}.Release|iPhoneSimulator.Build.0 = Release|Any CPU
		{81DFC945-E963-4CD7-94FF-328C0BD9BBA7}.Release|x64.ActiveCfg = Release|Any CPU
		{81DFC945-E963-4CD7-94FF-328C0BD9BBA7}.Release|x64.Build.0 = Release|Any CPU
		{81DFC945-E963-4CD7-94FF-328C0BD9BBA7}.Release|x86.ActiveCfg = Release|Any CPU
		{81DFC945-E963-4CD7-94FF-328C0BD9BBA7}.Release|x86.Build.0 = Release|Any CPU
	EndGlobalSection
	GlobalSection(SolutionProperties) = preSolution
		HideSolutionNode = FALSE
	EndGlobalSection
	GlobalSection(ExtensibilityGlobals) = postSolution
		SolutionGuid = {2FEC10F3-AFDE-4EB8-ACA6-0C531EBC1759}
	EndGlobalSection
EndGlobal
